
Microsoft Visual Studio Solution File, Format Version 12.00
# Visual Studio Version 17
VisualStudioVersion = 17.13.35818.85 d17.13
MinimumVisualStudioVersion = 10.0.40219.1
Project("{FAE04EC0-301F-11D3-BF4B-00C04F79EFBC}") = "TPmoduL10_103022330075", "TPmoduL10_103022330075\TPmoduL10_103022330075.csproj", "{574F9EAE-E9BD-4C7D-96C7-1B66BD83E475}"
EndProject
Global
	GlobalSection(SolutionConfigurationPlatforms) = preSolution
		Debug|Any CPU = Debug|Any CPU
		Release|Any CPU = Release|Any CPU
	EndGlobalSection
	GlobalSection(ProjectConfigurationPlatforms) = postSolution
		{574F9EAE-E9BD-4C7D-96C7-1B66BD83E475}.Debug|Any CPU.ActiveCfg = Debug|Any CPU
		{574F9EAE-E9BD-4C7D-96C7-1B66BD83E475}.Debug|Any CPU.Build.0 = Debug|Any CPU
		{574F9EAE-E9BD-4C7D-96C7-1B66BD83E475}.Release|Any CPU.ActiveCfg = Release|Any CPU
		{574F9EAE-E9BD-4C7D-96C7-1B66BD83E475}.Release|Any CPU.Build.0 = Release|Any CPU
	EndGlobalSection
	GlobalSection(SolutionProperties) = preSolution
		HideSolutionNode = FALSE
	EndGlobalSection
	GlobalSection(ExtensibilityGlobals) = postSolution
		SolutionGuid = {628858B7-7019-48A4-B657-8BD2FB319041}
	EndGlobalSection
EndGlobal
